
Microsoft Visual Studio Solution File, Format Version 12.00
# Visual Studio Version 16
VisualStudioVersion = 16.0.32002.261
MinimumVisualStudioVersion = 10.0.40219.1
Project("{FAE04EC0-301F-11D3-BF4B-00C04F79EFBC}") = "10012022_BisikletKiralama", "10012022_BisikletKiralama\10012022_BisikletKiralama.csproj", "{8D5E785D-2CA6-4BE7-BD6F-164B9B43362B}"
EndProject
Project("{FAE04EC0-301F-11D3-BF4B-00C04F79EFBC}") = "SaticNedir", "SticNedir\SaticNedir.csproj", "{194CC2E6-4595-4E42-9A4A-843F60D248D2}"
EndProject
Project("{FAE04EC0-301F-11D3-BF4B-00C04F79EFBC}") = "10012022_Musteri", "10012022_Musteri\10012022_Musteri.csproj", "{059A8F2D-54AE-44ED-A1ED-AD6695EEB464}"
EndProject
Project("{FAE04EC0-301F-11D3-BF4B-00C04F79EFBC}") = "10012022_InnerType", "10012022_InnerType\10012022_InnerType.csproj", "{8B420AE1-72DF-486D-A2A2-60D97174DCAF}"
EndProject
Project("{FAE04EC0-301F-11D3-BF4B-00C04F79EFBC}") = "11012022_Kalıtım", "11012022_Kalıtım\11012022_Kalıtım.csproj", "{C4E91D84-0D3E-4234-88BB-46B742536B33}"
EndProject
Project("{FAE04EC0-301F-11D3-BF4B-00C04F79EFBC}") = "11012022_KalıtımOrnek", "11012022_KalıtımOrnek\11012022_KalıtımOrnek.csproj", "{483E1F42-BD61-4B25-B981-83B06ECDBF84}"
EndProject
Project("{FAE04EC0-301F-11D3-BF4B-00C04F79EFBC}") = "11012022_YemekOrnek", "11012022_YemekOrnek\11012022_YemekOrnek.csproj", "{0B907664-FDE8-4856-81AC-206858183EDC}"
EndProject
Project("{FAE04EC0-301F-11D3-BF4B-00C04F79EFBC}") = "11012022_SanalMetot", "11012022_SanalMetot\11012022_SanalMetot.csproj", "{AEF9C3EF-EC1E-45B5-A8B2-B7BCA2D5A9B5}"
EndProject
Project("{FAE04EC0-301F-11D3-BF4B-00C04F79EFBC}") = "12012022_SanalMetot", "12012022_SanalMetot\12012022_SanalMetot.csproj", "{F2F236CE-D884-4C77-8BE2-E72A7100DBA8}"
EndProject
Project("{FAE04EC0-301F-11D3-BF4B-00C04F79EFBC}") = "12012022_Enum", "12012022_Enum\12012022_Enum.csproj", "{EE46D262-377F-4888-9F14-0779E66E92CC}"
EndProject
Project("{FAE04EC0-301F-11D3-BF4B-00C04F79EFBC}") = "12012022_EnumOrnek", "12012022_EnumOrnek\12012022_EnumOrnek.csproj", "{12B814B8-2CA7-48B4-A574-3E7AA701AAD9}"
EndProject
Project("{FAE04EC0-301F-11D3-BF4B-00C04F79EFBC}") = "12012022_Abstract", "12012022_Abstract\12012022_Abstract.csproj", "{92D178D2-3DD0-4A2C-BA0C-5B57DE0E17C6}"
EndProject
Project("{FAE04EC0-301F-11D3-BF4B-00C04F79EFBC}") = "12012020_AbstractOrnek", "12012020_AbstactOrnek\12012020_AbstractOrnek.csproj", "{F92EE1CD-64A5-4236-9ABF-E14A1702FC4A}"
EndProject
Project("{FAE04EC0-301F-11D3-BF4B-00C04F79EFBC}") = "12012022_Interface", "12012022_Interface\12012022_Interface.csproj", "{56B4239B-5C20-45C8-B50B-5EB750A2BD7E}"
EndProject
Project("{FAE04EC0-301F-11D3-BF4B-00C04F79EFBC}") = "12012022_InterfaceOrnek", "12012022_InterfaceOrnek\12012022_InterfaceOrnek.csproj", "{DBC39A56-0A94-4972-9265-C840D1324594}"
EndProject
Project("{FAE04EC0-301F-11D3-BF4B-00C04F79EFBC}") = "12012022_PatialClass", "12012022_PatialClass\12012022_PatialClass.csproj", "{B5971B4A-60F4-4A5B-8BA3-2095C12C381A}"
EndProject
Global
	GlobalSection(SolutionConfigurationPlatforms) = preSolution
		Debug|Any CPU = Debug|Any CPU
		Release|Any CPU = Release|Any CPU
	EndGlobalSection
	GlobalSection(ProjectConfigurationPlatforms) = postSolution
		{8D5E785D-2CA6-4BE7-BD6F-164B9B43362B}.Debug|Any CPU.ActiveCfg = Debug|Any CPU
		{8D5E785D-2CA6-4BE7-BD6F-164B9B43362B}.Debug|Any CPU.Build.0 = Debug|Any CPU
		{8D5E785D-2CA6-4BE7-BD6F-164B9B43362B}.Release|Any CPU.ActiveCfg = Release|Any CPU
		{8D5E785D-2CA6-4BE7-BD6F-164B9B43362B}.Release|Any CPU.Build.0 = Release|Any CPU
		{194CC2E6-4595-4E42-9A4A-843F60D248D2}.Debug|Any CPU.ActiveCfg = Debug|Any CPU
		{194CC2E6-4595-4E42-9A4A-843F60D248D2}.Debug|Any CPU.Build.0 = Debug|Any CPU
		{194CC2E6-4595-4E42-9A4A-843F60D248D2}.Release|Any CPU.ActiveCfg = Release|Any CPU
		{194CC2E6-4595-4E42-9A4A-843F60D248D2}.Release|Any CPU.Build.0 = Release|Any CPU
		{059A8F2D-54AE-44ED-A1ED-AD6695EEB464}.Debug|Any CPU.ActiveCfg = Debug|Any CPU
		{059A8F2D-54AE-44ED-A1ED-AD6695EEB464}.Debug|Any CPU.Build.0 = Debug|Any CPU
		{059A8F2D-54AE-44ED-A1ED-AD6695EEB464}.Release|Any CPU.ActiveCfg = Release|Any CPU
		{059A8F2D-54AE-44ED-A1ED-AD6695EEB464}.Release|Any CPU.Build.0 = Release|Any CPU
		{8B420AE1-72DF-486D-A2A2-60D97174DCAF}.Debug|Any CPU.ActiveCfg = Debug|Any CPU
		{8B420AE1-72DF-486D-A2A2-60D97174DCAF}.Debug|Any CPU.Build.0 = Debug|Any CPU
		{8B420AE1-72DF-486D-A2A2-60D97174DCAF}.Release|Any CPU.ActiveCfg = Release|Any CPU
		{8B420AE1-72DF-486D-A2A2-60D97174DCAF}.Release|Any CPU.Build.0 = Release|Any CPU
		{C4E91D84-0D3E-4234-88BB-46B742536B33}.Debug|Any CPU.ActiveCfg = Debug|Any CPU
		{C4E91D84-0D3E-4234-88BB-46B742536B33}.Debug|Any CPU.Build.0 = Debug|Any CPU
		{C4E91D84-0D3E-4234-88BB-46B742536B33}.Release|Any CPU.ActiveCfg = Release|Any CPU
		{C4E91D84-0D3E-4234-88BB-46B742536B33}.Release|Any CPU.Build.0 = Release|Any CPU
		{483E1F42-BD61-4B25-B981-83B06ECDBF84}.Debug|Any CPU.ActiveCfg = Debug|Any CPU
		{483E1F42-BD61-4B25-B981-83B06ECDBF84}.Debug|Any CPU.Build.0 = Debug|Any CPU
		{483E1F42-BD61-4B25-B981-83B06ECDBF84}.Release|Any CPU.ActiveCfg = Release|Any CPU
		{483E1F42-BD61-4B25-B981-83B06ECDBF84}.Release|Any CPU.Build.0 = Release|Any CPU
		{0B907664-FDE8-4856-81AC-206858183EDC}.Debug|Any CPU.ActiveCfg = Debug|Any CPU
		{0B907664-FDE8-4856-81AC-206858183EDC}.Debug|Any CPU.Build.0 = Debug|Any CPU
		{0B907664-FDE8-4856-81AC-206858183EDC}.Release|Any CPU.ActiveCfg = Release|Any CPU
		{0B907664-FDE8-4856-81AC-206858183EDC}.Release|Any CPU.Build.0 = Release|Any CPU
		{AEF9C3EF-EC1E-45B5-A8B2-B7BCA2D5A9B5}.Debug|Any CPU.ActiveCfg = Debug|Any CPU
		{AEF9C3EF-EC1E-45B5-A8B2-B7BCA2D5A9B5}.Debug|Any CPU.Build.0 = Debug|Any CPU
		{AEF9C3EF-EC1E-45B5-A8B2-B7BCA2D5A9B5}.Release|Any CPU.ActiveCfg = Release|Any CPU
		{AEF9C3EF-EC1E-45B5-A8B2-B7BCA2D5A9B5}.Release|Any CPU.Build.0 = Release|Any CPU
		{F2F236CE-D884-4C77-8BE2-E72A7100DBA8}.Debug|Any CPU.ActiveCfg = Debug|Any CPU
		{F2F236CE-D884-4C77-8BE2-E72A7100DBA8}.Debug|Any CPU.Build.0 = Debug|Any CPU
		{F2F236CE-D884-4C77-8BE2-E72A7100DBA8}.Release|Any CPU.ActiveCfg = Release|Any CPU
		{F2F236CE-D884-4C77-8BE2-E72A7100DBA8}.Release|Any CPU.Build.0 = Release|Any CPU
		{EE46D262-377F-4888-9F14-0779E66E92CC}.Debug|Any CPU.ActiveCfg = Debug|Any CPU
		{EE46D262-377F-4888-9F14-0779E66E92CC}.Debug|Any CPU.Build.0 = Debug|Any CPU
		{EE46D262-377F-4888-9F14-0779E66E92CC}.Release|Any CPU.ActiveCfg = Release|Any CPU
		{EE46D262-377F-4888-9F14-0779E66E92CC}.Release|Any CPU.Build.0 = Release|Any CPU
		{12B814B8-2CA7-48B4-A574-3E7AA701AAD9}.Debug|Any CPU.ActiveCfg = Debug|Any CPU
		{12B814B8-2CA7-48B4-A574-3E7AA701AAD9}.Debug|Any CPU.Build.0 = Debug|Any CPU
		{12B814B8-2CA7-48B4-A574-3E7AA701AAD9}.Release|Any CPU.ActiveCfg = Release|Any CPU
		{12B814B8-2CA7-48B4-A574-3E7AA701AAD9}.Release|Any CPU.Build.0 = Release|Any CPU
		{92D178D2-3DD0-4A2C-BA0C-5B57DE0E17C6}.Debug|Any CPU.ActiveCfg = Debug|Any CPU
		{92D178D2-3DD0-4A2C-BA0C-5B57DE0E17C6}.Debug|Any CPU.Build.0 = Debug|Any CPU
		{92D178D2-3DD0-4A2C-BA0C-5B57DE0E17C6}.Release|Any CPU.ActiveCfg = Release|Any CPU
		{92D178D2-3DD0-4A2C-BA0C-5B57DE0E17C6}.Release|Any CPU.Build.0 = Release|Any CPU
		{F92EE1CD-64A5-4236-9ABF-E14A1702FC4A}.Debug|Any CPU.ActiveCfg = Debug|Any CPU
		{F92EE1CD-64A5-4236-9ABF-E14A1702FC4A}.Debug|Any CPU.Build.0 = Debug|Any CPU
		{F92EE1CD-64A5-4236-9ABF-E14A1702FC4A}.Release|Any CPU.ActiveCfg = Release|Any CPU
		{F92EE1CD-64A5-4236-9ABF-E14A1702FC4A}.Release|Any CPU.Build.0 = Release|Any CPU
		{56B4239B-5C20-45C8-B50B-5EB750A2BD7E}.Debug|Any CPU.ActiveCfg = Debug|Any CPU
		{56B4239B-5C20-45C8-B50B-5EB750A2BD7E}.Debug|Any CPU.Build.0 = Debug|Any CPU
		{56B4239B-5C20-45C8-B50B-5EB750A2BD7E}.Release|Any CPU.ActiveCfg = Release|Any CPU
		{56B4239B-5C20-45C8-B50B-5EB750A2BD7E}.Release|Any CPU.Build.0 = Release|Any CPU
		{DBC39A56-0A94-4972-9265-C840D1324594}.Debug|Any CPU.ActiveCfg = Debug|Any CPU
		{DBC39A56-0A94-4972-9265-C840D1324594}.Debug|Any CPU.Build.0 = Debug|Any CPU
		{DBC39A56-0A94-4972-9265-C840D1324594}.Release|Any CPU.ActiveCfg = Release|Any CPU
		{DBC39A56-0A94-4972-9265-C840D1324594}.Release|Any CPU.Build.0 = Release|Any CPU
		{B5971B4A-60F4-4A5B-8BA3-2095C12C381A}.Debug|Any CPU.ActiveCfg = Debug|Any CPU
		{B5971B4A-60F4-4A5B-8BA3-2095C12C381A}.Debug|Any CPU.Build.0 = Debug|Any CPU
		{B5971B4A-60F4-4A5B-8BA3-2095C12C381A}.Release|Any CPU.ActiveCfg = Release|Any CPU
		{B5971B4A-60F4-4A5B-8BA3-2095C12C381A}.Release|Any CPU.Build.0 = Release|Any CPU
	EndGlobalSection
	GlobalSection(SolutionProperties) = preSolution
		HideSolutionNode = FALSE
	EndGlobalSection
	GlobalSection(ExtensibilityGlobals) = postSolution
		SolutionGuid = {13E76C74-69AE-4700-BB48-D33BB2106643}
	EndGlobalSection
EndGlobal
